lockfileVersion: '9.0'

settings:
  autoInstallPeers: true
  excludeLinksFromLockfile: false

importers:

  .:
    dependencies:
      lit:
        specifier: ^3.1.2
        version: 3.3.3
    devDependencies:
      '@rollup/plugin-node-resolve':
        specifier: ^15.2.3
        version: 15.3.1(rollup@4.64.2)
      '@rollup/plugin-terser':
        specifier: ^0.4.4
        version: 0.4.4(rollup@4.64.2)
      '@rollup/plugin-typescript':
        specifier: ^11.1.6
        version: 11.1.6(rollup@4.64.2)(tslib@2.8.1)(typescript@5.3.3)
      rollup:
        specifier: ^4.9.6
        version: 4.64.2
      tslib:
        specifier: ^2.6.2
        version: 2.8.1
      typescript:
        specifier: ^5.3.3
        version: 5.3.3

packages:

  '@jridgewell/gen-mapping@0.3.5':
    resolution: {integrity: sha512-IzL8ZoEDIBRWEzlCcRhOaCupYyN5gdIK+Q6fbFdPDg6HqX6jpkItn7DFIpW9LQzXG6Df9sA7+OKnq0qlz/GaQg==}
    engines: {node: '>=6.0.0'}

  '@jridgewell/resolve-uri@3.1.2':
    resolution: {integrity: sha512-bRISgCIjP20/tbWSPWMEi54QVPRZExkuD9lJL+UIxUKtwVJA8wW1Trb1jMs1RFXo1CBTNZ/5hpC9QvmKWdopKw==}
    engines: {node: '>=6.0.0'}

  '@jridgewell/set-array@1.2.1':
    resolution: {integrity: sha512-R8gLRTZeyp03ymzP/6Lil/28tGeGEzhx1q2k703KGWRAI1VdvPIXdG70VJc2pAMw3NA6JKL5hhFu1sJX0Mnn/A==}
    engines: {node: '>=6.0.0'}

  '@jridgewell/source-map@0.3.11':
    resolution: {integrity: sha512-ZMp1V8ZFcPG5dIWnQLr3NSI1MiCU7UETdS/A0G8V/XWHvJv3ZsFqutJn1Y5RPmAPX6F3BiE397OqveU/9NCuIA==}

  '@jridgewell/sourcemap-codec@1.6.0':
    resolution: {integrity: sha512-T7jf+5zgsZHwNJ4lvQ7/aezbyk0nNX+zJVWpmHA7VYsEx7a7qr5Rg5IbtJFqkgze5Y2sruq1RUY8Q837Od7iFw==}

  '@jridgewell/trace-mapping@0.3.31':
    resolution: {integrity: sha512-zzNR+SdQSDJzc8joaeP8QQoCQr8NuYx2dIIytl1QeBEZHJ9uW6hebsrYgbz8hJwUQao3TWCMtmfV8Nu1twOLAw==}

  '@lit-labs/ssr-dom-shim@1.6.0':
    resolution: {integrity: sha512-VHb0ALPMTlgKjM6yIxxoQNnpKyUKLD04VzeQdsiXkMqkvYlAHxq9glGLmgbb889/1GsohSOAjvQYoiBppXFqrQ==}

  '@lit/reactive-element@2.1.2':
    resolution: {integrity: sha512-pbCDiVMnne1lYUIaYNN5wrwQXDtHaYtg7YEFPeW+hws6U47WeFvISGUWekPGKWOP1ygrs0ef0o1VJMk1exos5A==}

  '@napi-rs/lzma-linux-x64-gnu@1.5.1':
    resolution: {integrity: sha512-oTXEIha4SsuXdTA4Iyskj0kpdx2yVXdhd75c2v3xGrHFfVMsbhTPZU/nMPL4sWKo4pBHm3aucLaqGlF696dTyQ==}
    engines: {node: ^22.20 || ^24.12 || >=25}
    cpu: [x64]
    os: [linux]
    libc: [glibc]

  '@rollup/plugin-node-resolve@15.3.1':
    resolution: {integrity: sha512-tgg6b91pAybXHJQMAAwW9VuWBO6Thi+q7BCNARLwSqlmsHz0XYURtGvh/AuwSADXSI4h/2uHbs7s4FzlZDGSGA==}
    engines: {node: '>=14.0.0'}
    peerDependencies:
      rollup: ^2.78.0||^3.0.0||^4.0.0
    peerDependenciesMeta:
      rollup:
        optional: true

  '@rollup/plugin-terser@0.4.4':
    resolution: {integrity: sha512-XHeJC5Bgvs8LfukDwWZp7yeqin6ns8RTl2B9avbejt6tZqsqvVoWI7ZTQrcNsfKEDWBTnTxM8nMDkO2IFFbd0A==}
    engines: {node: '>=14.0.0'}
    peerDependencies:
      rollup: ^2.0.0||^3.0.0||^4.0.0
    peerDependenciesMeta:
      rollup:
        optional: true

  '@rollup/plugin-typescript@11.1.6':
    resolution: {integrity: sha512-R92yOmIACgYdJ7dJ97p4K69I8gg6IEHt8M7dUBxN3W6nrO8uUxX5ixl0yU/N3aZTi8WhPuICvOHXQvF6FaykAA==}
    engines: {node: '>=14.0.0'}
    peerDependencies:
      rollup: ^2.14.0||^3.0.0||^4.0.0
      tslib: '*'
      typescript: '>=3.7.0'
    peerDependenciesMeta:
      rollup:
        optional: true
      tslib:
        optional: true

  '@rollup/pluginutils@5.4.0':
    resolution: {integrity: sha512-MfPp06CjRLfXQ3wY0R8vJDYBy/MvVcc9OulEfR0B8Iv9ko+GCNaRZ+EpJYFl27LhKsZK0o420sYCRHCjfCgeUg==}
    engines: {node: '>=14.0.0'}
    peerDependencies:
      rollup: ^1.20.0||^2.0.0||^3.0.0||^4.0.0
    peerDependenciesMeta:
      rollup:
        optional: true

  '@rollup/rollup-android-arm-eabi@4.64.2':
    resolution: {integrity: sha512-gjNDUwMswogkw3fNqV00u54uZlgmInuw5EU/1TeqQ6K0bEagoGvqjPdKzy112lKyhe7PkGudZ/kSQHsc9qroIg==}
    cpu: [arm]
    os: [android]

  '@rollup/rollup-android-arm64@4.64.2':
    resolution: {integrity: sha512-YkAW8q7p5SCLSaGWaUkmsRnBEb3MGA1pB5nI/8k0lAK5fZsQKRBqkdR1h4UU9p8u3c7ZGdUF2Zcx7mK+E/pUKg==}
    cpu: [arm64]
    os: [android]

  '@rollup/rollup-darwin-arm64@4.64.2':
    resolution: {integrity: sha512-hNmuIHv+LnrP/+q/44vsmIMWfoh7X2YXOp5FLtjGuvqN52VdtFpOpnshTc1k28tWv1wE/0D5gLjsozBUowEGbQ==}
    cpu: [arm64]
    os: [darwin]

  '@rollup/rollup-darwin-x64@4.64.2':
    resolution: {integrity: sha512-B0t5CoxgF2KL7R5FHAsyN8yVEQCSIkh4XVs8MCDjuBLNjEa8l3zd5tVKaFMv53LfUtHs9p2rnqeavPTOunV+Ww==}
    cpu: [x64]
    os: [darwin]

  '@rollup/rollup-freebsd-arm64@4.64.2':
    resolution: {integrity: sha512-QQdYnfwrPmc1DoPlddjFvQPzUHFbStKXsHrG6EBYsWHhBVUCjsCRdcfGGXGAvhDpDtTzKK4vy1UrGFJ45rQaiw==}
    cpu: [arm64]
    os: [freebsd]

  '@rollup/rollup-freebsd-x64@4.64.2':
    resolution: {integrity: sha512-1xRxtGWif6BB58VSfMavi0Yfs2M4x6CtRp4o7ScY4W7AGlgvf6GSPKdDNdw7TX3tMiQwZY5W/mvyrOJTq/7AKA==}
    cpu: [x64]
    os: [freebsd]

  '@rollup/rollup-linux-arm-gnueabihf@4.64.2':
    resolution: {integrity: sha512-CXFLEt384BUwwOLR9DURWNHl1bQOVLd1ibOee+yKBJm/fZtvrSAOZ0JbxjAxszVMIovYMwFMS+oP+Q1aPcx8Eg==}
    cpu: [arm]
    os: [linux]
    libc: [glibc]

  '@rollup/rollup-linux-arm-musleabihf@4.64.2':
    resolution: {integrity: sha512-T1dorY0WHm5mMNpMHFl5rYRZ02gLSZcr6J45r66tYb3S3R3DyIRGiGWVdLtF+zOQjratNJaObl9jYumueRiL1A==}
    cpu: [arm]
    os: [linux]
    libc: [musl]

  '@rollup/rollup-linux-arm64-gnu@4.64.2':
    resolution: {integrity: sha512-ia6bfaCIc0ldp6bvs9oEkFrJVJKNUMoiDF0+LBZsQAZg+vE0znXnzGqH+ew/FYswE30cruAWPTO3dPw7keaVkQ==}
    cpu: [arm64]
    os: [linux]
    libc: [glibc]

  '@rollup/rollup-linux-arm64-musl@4.64.2':
    resolution: {integrity: sha512-mB/gwfBfXtT0EBpbSssqKCqMFuX8b21Zy2TGoIhehSJEssZ5ksybxymwp1BkEM5Nczh/AAxpmh5q+MkhtundGg==}
    cpu: [arm64]
    os: [linux]
    libc: [musl]

  '@rollup/rollup-linux-loong64-gnu@4.64.2':
    resolution: {integrity: sha512-VPd0a+XlHoNRI9jIPRHww2UKhDkD6XjbtcKYXZijAnhJS1jLLbiNtVl6a5LyEfNN+eyiyWcJOZXPzBo69oTsew==}
    cpu: [loong64]
    os: [linux]
    libc: [glibc]

  '@rollup/rollup-linux-loong64-musl@4.64.2':
    resolution: {integrity: sha512-10N1I6oBpERqzGtHKcCLrEpHlbXSBbMK9TURHvqgWbIFZuU3oJROxJ0H2nHfq96TVI0XJHQ9qzolJMFd2tz0LA==}
    cpu: [loong64]
    os: [linux]
    libc: [musl]

  '@rollup/rollup-linux-ppc64-gnu@4.64.2':
    resolution: {integrity: sha512-dhJrLVZ3wNNhwCmy9/VTg6Pq6J8a8eZ0n15dVRlbSWcDb+8V/1mDfbnvis+vt8W6Pbxzv6gUbTEl4piOT3bbUQ==}
    cpu: [ppc64]
    os: [linux]
    libc: [glibc]

  '@rollup/rollup-linux-ppc64-musl@4.64.2':
    resolution: {integrity: sha512-tPd2QuwxkTxgju5eARyb3RdgBWWi/O9dn/NFH0VkvGbLzoQeXrH6qMABtW8IODb5lUeBzB3sy2U7qmI4MtQ72g==}
    cpu: [ppc64]
    os: [linux]
    libc: [musl]

  '@rollup/rollup-linux-riscv64-gnu@4.64.2':
    resolution: {integrity: sha512-njtDdPvSQWI9CDhIPPxsiEMeHayCfu7wwcbSQ7c2kYPhGVviL+WGVhq6Jfj/b+VuhSTkFuQ0z4ZFbFjkWwBFmg==}
    cpu: [riscv64]
    os: [linux]
    libc: [glibc]

  '@rollup/rollup-linux-riscv64-musl@4.64.2':
    resolution: {integrity: sha512-EbOBo3dqCj9ecEV9Z7zvulB6AieMP2ztnKQYGVOSN0pzIyOu+3JH2YJZnLmbPeVvfn6yP6Qi7NbBM27EzGbj2w==}
    cpu: [riscv64]
    os: [linux]
    libc: [musl]

  '@rollup/rollup-linux-s390x-gnu@4.64.2':
    resolution: {integrity: sha512-8wLt2Q5n4qmfiE2Gk8V6KNLSf+oJuBX7Kdw5joFDtnZIZvirS0hLzBc79OiJjV71oYDmBUZLNy6pDgvylo4qiQ==}
    cpu: [s390x]
    os: [linux]
    libc: [glibc]

  '@rollup/rollup-linux-x64-gnu@4.64.2':
    resolution: {integrity: sha512-aIChbkhC4d33bxkVP0LSi2/2lUSGRXE6k4Qa0G7tgpgTOK7kxHTixmx5qC3SKUJ6yUMznHBtQoWaG4QMqLUnhw==}
    cpu: [x64]
    os: [linux]
    libc: [glibc]

  '@rollup/rollup-linux-x64-musl@4.64.2':
    resolution: {integrity: sha512-gQ+TkVZRfjZVcl/UOAxxfWw+sHjzIXoieNwxEyJlD3tRBmBhR8ZDq11w+QEgQDcpslEB+fhN/OEpaTsDoIIHhQ==}
    cpu: [x64]
    os: [linux]
    libc: [musl]

  '@rollup/rollup-openbsd-x64@4.64.2':
    resolution: {integrity: sha512-sUaJpMKS2JBCvUk8fYimG7aMq2jHVT4kw/uVHxPolKLrMmkKy0KXirmZyZehdNpL7PffqAlPAWUELQcTiD8ChA==}
    cpu: [x64]
    os: [openbsd]

  '@rollup/rollup-openharmony-arm64@4.64.2':
    resolution: {integrity: sha512-j1RdJWb0CrlSuwt12OPjLucPlwfLtA/KMOKVvh5rXSJEtl/WDoIGR3CSykK/jLGTo9RqNfW5Ub6kY5Z5ccYl9w==}
    cpu: [arm64]
    os: [openharmony]

  '@rollup/rollup-win32-arm64-msvc@4.64.2':
    resolution: {integrity: sha512-i3r04aHCIY3eggTBLUp/4IxiBjDpAgQaK89Ue2nMJ2MKuIXX5JfoeZjHw+kPjGGNVDlhi8FT8xzuGMJZe3aehg==}
    cpu: [arm64]
    os: [win32]

  '@rollup/rollup-win32-ia32-msvc@4.64.2':
    resolution: {integrity: sha512-kCQ15h/uwNMGdN8gjXBZGf+aGE+ODzHfbi90/cAm4+Q89WoMiLODNoj8HoGZmYx87HPxfu5CBNPsZ+ZG4uIAoA==}
    cpu: [ia32]
    os: [win32]

  '@rollup/rollup-win32-x64-gnu@4.64.2':
    resolution: {integrity: sha512-yYAuySSs+0X2gSMJPw/Q4jHsHZHyMq1dpAE+XnN790Jg1WuReUAD/+j+e4vuDvS4PXJ4PA4NCzTR4OYtDf18/g==}
    cpu: [x64]
    os: [win32]

  '@rollup/rollup-win32-x64-msvc@4.64.2':
    resolution: {integrity: sha512-JY1rQdWOJrKutORqKO1uzrHXV86jFiQzfLFKx2s8S1CjLXL9fC5LOIvk0q7Z7PXJvsByt+sdoE1Q2a9gBr4gLQ==}
    cpu: [x64]
    os: [win32]

  '@types/estree@1.0.9':
    resolution: {integrity: sha512-GhdPgy1el4/ImP05X05Uw4cw2/M93BCUmnEvWZNStlCzEKME4Fkk+YpoA5OiHNQmoS7Cafb8Xa3Pya8m1Qrzeg==}

  '@types/resolve@1.20.2':
    resolution: {integrity: sha512-60BCwRFOZCQhDncwQdxxeOEEkbc5dIMccYLwbxsS4TUNeVECQ/pBJ0j09mrHOl/JJvpRPGwO9SvE4nR2Nb/a4Q==}

  '@types/trusted-types@2.0.7':
    resolution: {integrity: sha512-ScaPdn1dQczgbl0QFTeTOmVHFULt394XJgOQNoyVhZ6r2vLnMLJfBPd53SB52T/3G36VI1/g2MZaX0cwDuXsfw==}

  acorn@8.19.0:
    resolution: {integrity: sha512-oJlA3XiRm7Cyk6qFD2Jn8ak9B7jSy0qy00ADO3+8dpT0LSjFihQYv4C02LFCSYJV3Q37xYwwRy5m+IpIiUzqWw==}
    engines: {node: '>=0.4.0'}
    hasBin: true

  buffer-from@1.1.2:
    resolution: {integrity: sha512-E+XQCRwSbaaiChtv6k6Dwgc+bx+Bs6vuKJHHl5kox/BaKbhiXzqQOwK4cO22yElGp2OCmjwVhT3HmxgyPGnJfQ==}

  commander@2.20.0:
    resolution: {integrity: sha512-7j2y+40w61zy6YC2iRNpUe/NwhNyoXrYpHMrSunaMG64nRnaf96zO/KMQR4OyN/UnE5KLyEBnKHd4aG3rskjpQ==}

  deepmerge@4.3.1:
    resolution: {integrity: sha512-3sUqbMEc77XqpdNO7FRyRog+eW3ph+GYCbj+rK+uYyRMuwsVy0rMiVtPn+QJlKFvWP/1PYpapqYn0Me2knFn+A==}
    engines: {node: '>=0.10.0'}

  es-errors@1.3.0:
    resolution: {integrity: sha512-Zf5H2Kxt2xjTvbJvP2ZWLEICxA6j+hAmMzIlypy4xcBg1vKVnx89Wy0GbS+kf5cwCVFFzdCFh2XSCFNULS6csw==}
    engines: {node: '>= 0.4'}

  estree-walker@2.0.2:
    resolution: {integrity: sha512-Rfkk/Mp/DL7JVje3u18FxFujQlTNR2q6QfMSMB7AvCBx91NGj/ba3kCfza0f6dVDbw7YlRf/nDrn7pQrCCyQ/w==}

  fsevents@2.3.3:
    resolution: {integrity: sha512-5xoDfX+fL7faATnagmWPpbFtwh/R77WmMMqqHGS65C3vvB0YHrgF+B1YmZ3441tMj5n63k0212XNoJwzlhffQw==}
    engines: {node: ^8.16.0 || ^10.6.0 || >=11.0.0}
    os: [darwin]

  function-bind@1.1.2:
    resolution: {integrity: sha512-7XHNxH7qX9xG5mIwxkhumTox/MIRNcOgDrxWsMt2pAr23WHp6MrRlN7FBSFpCpr+oVO0F744iUgR82nJMfG2SA==}

  hasown@2.0.4:
    resolution: {integrity: sha512-T2UbfbBEF32wiepXIsMlTW9+dDYC6wMh/t/vYA4tuOMKqWz/n3vr1NFSxQiyP+zk2mXsoMA/i/7qV6LKut1t1A==}
    engines: {node: '>= 0.4'}

  is-core-module@2.17.0:
    resolution: {integrity: sha512-J/vG0zBCbIKOQFfufSwyXdMrsohyJIUNkrnmo6WZGzoM7tr/lsbfW5b2BvisL6zsyMzK9UxV9L6c7AoFbyXHOA==}
    engines: {node: '>= 0.4'}

  is-module@1.0.0:
    resolution: {integrity: sha512-51ypPSPCoTEIN9dy5Oy+h4pShgJmPCygKfyRCISBI+JoWT/2oJvK8QPxmwv7b/p239jXrm9M1mlQbyKJ5A152g==}

  lit-element@4.2.2:
    resolution: {integrity: sha512-aFKhNToWxoyhkNDmWZwEva2SlQia+jfG0fjIWV//YeTaWrVnOxD89dPKfigCUspXFmjzOEUQpOkejH5Ly6sG0w==}

  lit-html@3.3.3:
    resolution: {integrity: sha512-el8M6jK2o3RXBnrSHX3ZKrsN8zEV63pSExTO1wYJz7QndGYZ8353e2a5PPX+qHe2aGayfnchQmkAojaWAREOIA==}

  lit@3.3.3:
    resolution: {integrity: sha512-fycuvZg/hkpozL00lm1pEJH5nN/lr9ZXd6mJI2HSN4+Bzc+LDNdEApJ6HFbPkdFNHLvOplIIuJvxkS4XUxqirw==}

  path-parse@1.0.7:
    resolution: {integrity: sha512-LDJzPVEEEPR+y48z93A0Ed0yXb8pAByGWo/k5YYdYgpY2/2EsOsksJrq7lOHxryrVOn1ejG6oAp8ahvOIQD8sw==}

  picomatch@4.0.7:
    resolution: {integrity: sha512-qcJu88Q2IWqJsDD529JKMdwGm/dvInW4HvQnRwiH9JtihJvzGOscDtHE3x1pBKeUOTysQ8kVmLnJ2kJu7yhcGA==}
    engines: {node: '>=12'}

  randombytes@2.1.0:
    resolution: {integrity: sha512-vYl3iOX+4CKUWuxGi9Ukhie6fsqXqS9FE2Zaic4tNFD2N2QQaXOMFbuKK4QmDHC0JO6B1Zp41J0LpT0oR68amQ==}

  resolve@1.22.13:
    resolution: {integrity: sha512-Dj/cW9zBV2aRj6XzCxuGIs3ESZKv02jixne3q6jFZYZ3/Tg09gHHviSMDL4kObh9pqSahdRHEnDoaP2gn8YLhA==}
    engines: {node: '>= 0.4'}
    hasBin: true

  rollup@4.64.2:
    resolution: {integrity: sha512-RxXm0XVVV1hFI3dYe12ruaOgsYQ725lUcUWeMSQqkF9tTxVErY+fy2Ets6vWhItL9MZMSNZGbvZFc7rH/VHp2Q==}
    engines: {node: '>=18.0.0', npm: '>=8.0.0'}
    hasBin: true

  safe-buffer@5.2.1:
    resolution: {integrity: sha512-rp3So07KcdmmKbGvgaNxQSJr7bGVSVk5S9Eq1F+ppbRo70+YeaDxkw5Dd8NPN+GD6bjnYm2VuPuCXmpuYvmCXQ==}

  serialize-javascript@6.0.1:
    resolution: {integrity: sha512-owoXEFjWRllis8/M1Q+Cw5k8ZH40e3zhp/ovX+Xr/vi1qj6QesbyXXViFbpNvWvPNAD62SutwEXavefrLJWj7w==}

  smob@1.6.2:
    resolution: {integrity: sha512-RQsvleCbF8cVHEv+xuDGaA4pOizFqJ0GgjtMSRo6oP8pnN7WsigHgVGey6aILRBKv4W2YOMHLqbKdnB6hpB9fw==}
    engines: {node: '>=20.0.0'}

  source-map-support@0.5.21:
    resolution: {integrity: sha512-uBHU3L3czsIyYXKX88fdrGovxdSCoTGDRZ6SYXtSRxLZUzHg5P/66Ht6uoUlHu9EZod+inXhKo3qQgwXUT/y1w==}

  source-map@0.6.0:
    resolution: {integrity: sha512-mTozplhTX4tLKIHYji92OTZzVyZvi+Z1qRZDeBvQFI2XUB89wrRoj/xXad3c9NZ1GPJXXRvB+k41PQCPTMC+aA==}
    engines: {node: '>=0.10.0'}

  supports-preserve-symlinks-flag@1.0.0:
    resolution: {integrity: sha512-ot0WnXS9fgdkgIcePe6RHNk1WA8+muPa6cSjeR3V8K27q9BB1rTE3R1p7Hv0z1ZyAc8s6Vvv8DIyWf681MAt0w==}
    engines: {node: '>= 0.4'}

  terser@5.51.2:
    resolution: {integrity: sha512-bWnjSNscmuI+GJze6ZupnHP8G/cTcsJF+bXCeQknk2SHQsgbNJnLrqiH9jZ2W4STPVXH2mDKKRX3iwPhc9Cn/Q==}
    engines: {node: '>=10'}
    hasBin: true

  tslib@2.8.1:
    resolution: {integrity: sha512-oJFu94HQb+KVduSUQL7wnpmqnfmLsOA/nAh6b6EH0wCEoK0/mPeXU6c3wKDV83MkOuHPRHtSXKKU99IBazS/2w==}

  typescript@5.3.3:
    resolution: {integrity: sha512-pXWcraxM0uxAS+tN0AG/BF2TyqmHO014Z070UsJ+pFvYuRSq8KH8DmWpnbXe0pEPDHXZV3FcAbJkijJ5oNEnWw==}
    engines: {node: '>=14.17'}
    hasBin: true

snapshots:

  '@jridgewell/gen-mapping@0.3.5':
    dependencies:
      '@jridgewell/set-array': 1.2.1
      '@jridgewell/sourcemap-codec': 1.6.0
      '@jridgewell/trace-mapping': 0.3.31

  '@jridgewell/resolve-uri@3.1.2': {}

  '@jridgewell/set-array@1.2.1': {}

  '@jridgewell/source-map@0.3.11':
    dependencies:
      '@jridgewell/gen-mapping': 0.3.5
      '@jridgewell/trace-mapping': 0.3.31

  '@jridgewell/sourcemap-codec@1.6.0': {}

  '@jridgewell/trace-mapping@0.3.31':
    dependencies:
      '@jridgewell/resolve-uri': 3.1.2
      '@jridgewell/sourcemap-codec': 1.6.0

  '@lit-labs/ssr-dom-shim@1.6.0': {}

  '@lit/reactive-element@2.1.2':
    dependencies:
      '@lit-labs/ssr-dom-shim': 1.6.0

  '@napi-rs/lzma-linux-x64-gnu@1.5.1':
    optional: true

  '@rollup/plugin-node-resolve@15.3.1(rollup@4.64.2)':
    dependencies:
      '@rollup/pluginutils': 5.4.0(rollup@4.64.2)
      '@types/resolve': 1.20.2
      deepmerge: 4.3.1
      is-module: 1.0.0
      resolve: 1.22.13
    optionalDependencies:
      rollup: 4.64.2

  '@rollup/plugin-terser@0.4.4(rollup@4.64.2)':
    dependencies:
      serialize-javascript: 6.0.1
      smob: 1.6.2
      terser: 5.51.2
    optionalDependencies:
      rollup: 4.64.2

  '@rollup/plugin-typescript@11.1.6(rollup@4.64.2)(tslib@2.8.1)(typescript@5.3.3)':
    dependencies:
      '@rollup/pluginutils': 5.4.0(rollup@4.64.2)
      resolve: 1.22.13
      typescript: 5.3.3
    optionalDependencies:
      rollup: 4.64.2
      tslib: 2.8.1

  '@rollup/pluginutils@5.4.0(rollup@4.64.2)':
    dependencies:
      '@types/estree': 1.0.9
      estree-walker: 2.0.2
      picomatch: 4.0.7
    optionalDependencies:
      rollup: 4.64.2

  '@rollup/rollup-android-arm-eabi@4.64.2':
    optional: true

  '@rollup/rollup-android-arm64@4.64.2':
    optional: true

  '@rollup/rollup-darwin-arm64@4.64.2':
    optional: true

  '@rollup/rollup-darwin-x64@4.64.2':
    optional: true

  '@rollup/rollup-freebsd-arm64@4.64.2':
    optional: true

  '@rollup/rollup-freebsd-x64@4.64.2':
    optional: true

  '@rollup/rollup-linux-arm-gnueabihf@4.64.2':
    optional: true

  '@rollup/rollup-linux-arm-musleabihf@4.64.2':
    optional: true

  '@rollup/rollup-linux-arm64-gnu@4.64.2':
    optional: true

  '@rollup/rollup-linux-arm64-musl@4.64.2':
    optional: true

  '@rollup/rollup-linux-loong64-gnu@4.64.2':
    optional: true

  '@rollup/rollup-linux-loong64-musl@4.64.2':
    optional: true

  '@rollup/rollup-linux-ppc64-gnu@4.64.2':
    optional: true

  '@rollup/rollup-linux-ppc64-musl@4.64.2':
    optional: true

  '@rollup/rollup-linux-riscv64-gnu@4.64.2':
    optional: true

  '@rollup/rollup-linux-riscv64-musl@4.64.2':
    optional: true

  '@rollup/rollup-linux-s390x-gnu@4.64.2':
    optional: true

  '@rollup/rollup-linux-x64-gnu@4.64.2':
    optional: true

  '@rollup/rollup-linux-x64-musl@4.64.2':
    optional: true

  '@rollup/rollup-openbsd-x64@4.64.2':
    optional: true

  '@rollup/rollup-openharmony-arm64@4.64.2':
    optional: true

  '@rollup/rollup-win32-arm64-msvc@4.64.2':
    optional: true

  '@rollup/rollup-win32-ia32-msvc@4.64.2':
    optional: true

  '@rollup/rollup-win32-x64-gnu@4.64.2':
    optional: true

  '@rollup/rollup-win32-x64-msvc@4.64.2':
    optional: true

  '@types/estree@1.0.9': {}

  '@types/resolve@1.20.2': {}

  '@types/trusted-types@2.0.7': {}

  acorn@8.19.0: {}

  buffer-from@1.1.2: {}

  commander@2.20.0: {}

  deepmerge@4.3.1: {}

  es-errors@1.3.0: {}

  estree-walker@2.0.2: {}

  fsevents@2.3.3:
    optional: true

  function-bind@1.1.2: {}

  hasown@2.0.4:
    dependencies:
      function-bind: 1.1.2

  is-core-module@2.17.0:
    dependencies:
      hasown: 2.0.4

  is-module@1.0.0: {}

  lit-element@4.2.2:
    dependencies:
      '@lit-labs/ssr-dom-shim': 1.6.0
      '@lit/reactive-element': 2.1.2
      lit-html: 3.3.3

  lit-html@3.3.3:
    dependencies:
      '@types/trusted-types': 2.0.7

  lit@3.3.3:
    dependencies:
      '@lit/reactive-element': 2.1.2
      lit-element: 4.2.2
      lit-html: 3.3.3

  path-parse@1.0.7: {}

  picomatch@4.0.7: {}

  randombytes@2.1.0:
    dependencies:
      safe-buffer: 5.2.1

  resolve@1.22.13:
    dependencies:
      es-errors: 1.3.0
      is-core-module: 2.17.0
      path-parse: 1.0.7
      supports-preserve-symlinks-flag: 1.0.0

  rollup@4.64.2:
    dependencies:
      '@types/estree': 1.0.9
    optionalDependencies:
      '@napi-rs/lzma-linux-x64-gnu': 1.5.1
      '@rollup/rollup-android-arm-eabi': 4.64.2
      '@rollup/rollup-android-arm64': 4.64.2
      '@rollup/rollup-darwin-arm64': 4.64.2
      '@rollup/rollup-darwin-x64': 4.64.2
      '@rollup/rollup-freebsd-arm64': 4.64.2
      '@rollup/rollup-freebsd-x64': 4.64.2
      '@rollup/rollup-linux-arm-gnueabihf': 4.64.2
      '@rollup/rollup-linux-arm-musleabihf': 4.64.2
      '@rollup/rollup-linux-arm64-gnu': 4.64.2
      '@rollup/rollup-linux-arm64-musl': 4.64.2
      '@rollup/rollup-linux-loong64-gnu': 4.64.2
      '@rollup/rollup-linux-loong64-musl': 4.64.2
      '@rollup/rollup-linux-ppc64-gnu': 4.64.2
      '@rollup/rollup-linux-ppc64-musl': 4.64.2
      '@rollup/rollup-linux-riscv64-gnu': 4.64.2
      '@rollup/rollup-linux-riscv64-musl': 4.64.2
      '@rollup/rollup-linux-s390x-gnu': 4.64.2
      '@rollup/rollup-linux-x64-gnu': 4.64.2
      '@rollup/rollup-linux-x64-musl': 4.64.2
      '@rollup/rollup-openbsd-x64': 4.64.2
      '@rollup/rollup-openharmony-arm64': 4.64.2
      '@rollup/rollup-win32-arm64-msvc': 4.64.2
      '@rollup/rollup-win32-ia32-msvc': 4.64.2
      '@rollup/rollup-win32-x64-gnu': 4.64.2
      '@rollup/rollup-win32-x64-msvc': 4.64.2
      fsevents: 2.3.3

  safe-buffer@5.2.1: {}

  serialize-javascript@6.0.1:
    dependencies:
      randombytes: 2.1.0

  smob@1.6.2: {}

  source-map-support@0.5.21:
    dependencies:
      buffer-from: 1.1.2
      source-map: 0.6.0

  source-map@0.6.0: {}

  supports-preserve-symlinks-flag@1.0.0: {}

  terser@5.51.2:
    dependencies:
      '@jridgewell/source-map': 0.3.11
      acorn: 8.19.0
      commander: 2.20.0
      source-map-support: 0.5.21

  tslib@2.8.1: {}

  typescript@5.3.3: {}
